%{
  "amqp": {:hex, :amqp, "3.2.0", "51e85e06e4d283d98f21dce95906e42cb181fc7ceeb967b33b3be73d6ea41aa5", [:mix], [{:amqp_client, "~> 3.9.1", [hex: :amqp_client, repo: "hexpm", optional: false]}], "hexpm", "1439570336df6e79000239938fb055a0944dc9a768b4dec0af1375404508a014"},
  "amqp_client": {:hex, :amqp_client, "3.9.27", "98e8ecb4e3717b6937c941c93874e284ca219a4bc5169bc7a1602fcf77833e3d", [:make, :rebar3], [{:rabbit_common, "3.9.27", [hex: :rabbit_common, repo: "hexpm", optional: false]}], "hexpm", "12f5ca7252b5ac70944e10e682defa11c67f17d0311911ed2860e95bc0dbcd75"},
  "credentials_obfuscation": {:hex, :credentials_obfuscation, "3.1.0", "2c405ea0c5db7b3344aa5a99f86c33e7b6ecea97d2cb613371e1cf0d192ef2c6", [:rebar3], [], "hexpm", "04884e62b1c6cdfba999d4d6b3e99bc0a59d5e439517bc5c01767255afb7b778"},
  "dialyxir": {:hex, :dialyxir, "1.2.0", "58344b3e87c2e7095304c81a9ae65cb68b613e28340690dfe1a5597fd08dec37", [:mix], [{:erlex, ">= 0.2.6", [hex: :erlex, repo: "hexpm", optional: false]}], "hexpm", "61072136427a851674cab81762be4dbeae7679f85b1272b6d25c3a839aff8463"},
  "erlex": {:hex, :erlex, "0.2.6", "c7987d15e899c7a2f34f5420d2a2ea0d659682c06ac607572df55a43753aa12e", [:mix], [], "hexpm", "2ed2e25711feb44d52b17d2780eabf998452f6efda104877a3881c2f8c0c0c75"},
  "jsx": {:hex, :jsx, "3.1.0", "d12516baa0bb23a59bb35dccaf02a1bd08243fcbb9efe24f2d9d056ccff71268", [:rebar3], [], "hexpm", "0c5cc8fdc11b53cc25cf65ac6705ad39e54ecc56d1c22e4adb8f5a53fb9427f3"},
  "rabbit_common": {:hex, :rabbit_common, "3.9.27", "f0d152b7b400cf531e0fc23d4c7b2442da95a384da1429f8c6cebc8ba8433426", [:make, :rebar3], [{:credentials_obfuscation, "3.1.0", [hex: :credentials_obfuscation, repo: "hexpm", optional: false]}, {:jsx, "3.1.0", [hex: :jsx, repo: "hexpm", optional: false]}, {:recon, "2.5.2", [hex: :recon, repo: "hexpm", optional: false]}], "hexpm", "6a696026ad237d9c89afcaff80b3dc9e71f97938b3fd39cea15bfebd6eec2648"},
  "recon": {:hex, :recon, "2.5.2", "cba53fa8db83ad968c9a652e09c3ed7ddcc4da434f27c3eaa9ca47ffb2b1ff03", [:mix, :rebar3], [], "hexpm", "2c7523c8dee91dff41f6b3d63cba2bd49eb6d2fe5bf1eec0df7f87eb5e230e1c"},
}
